# This file is generated by running "yarn install" inside your project.
# Manual changes might be lost - proceed with caution!

__metadata:
  version: 6
  cacheKey: 8

"commander@npm:9.4.0":
  version: 9.4.0
  resolution: "commander@npm:9.4.0"
  checksum: a322de584a6ccd1ea83c24f6a660e52d16ffbe2613fcfbb8d2cc68bc9dec637492456d754fe8bb5b039ad843ed8e04fb0b107e581a75f62cde9e1a0ab1546e09
  languageName: node
  linkType: hard

"javascript@workspace:.":
  version: 0.0.0-use.local
  resolution: "javascript@workspace:."
  dependencies:
    prettier: ^2.7.1
  languageName: unknown
  linkType: soft

"new@workspace:packages/new":
  version: 0.0.0-use.local
  resolution: "new@workspace:packages/new"
  dependencies:
    commander: 9.4.0
  bin:
    new: ./index.js
  languageName: unknown
  linkType: soft

"prettier@npm:^2.7.1":
  version: 2.7.1
  resolution: "prettier@npm:2.7.1"
  bin:
    prettier: bin-prettier.js
  checksum: 55a4409182260866ab31284d929b3cb961e5fdb91fe0d2e099dac92eaecec890f36e524b4c19e6ceae839c99c6d7195817579cdffc8e2c80da0cb794463a748b
  languageName: node
  linkType: hard
