# This file is generated by running "yarn install" inside your project.
# Manual changes might be lost - proceed with caution!

__metadata:
  version: 6
  cacheKey: 8

"commander@npm:9.4.0":
  version: 9.4.0
  resolution: "commander@npm:9.4.0"
  checksum: a322de584a6ccd1ea83c24f6a660e52d16ffbe2613fcfbb8d2cc68bc9dec637492456d754fe8bb5b039ad843ed8e04fb0b107e581a75f62cde9e1a0ab1546e09
  languageName: node
  linkType: hard

"javascript@workspace:.":
  version: 0.0.0-use.local
  resolution: "javascript@workspace:."
  languageName: unknown
  linkType: soft

"new@workspace:packages/new":
  version: 0.0.0-use.local
  resolution: "new@workspace:packages/new"
  dependencies:
    commander: 9.4.0
  bin:
    new: ./index.js
  languageName: unknown
  linkType: soft
