# This file is generated by running "yarn install" inside your project.
# Manual changes might be lost - proceed with caution!

__metadata:
  version: 6

"minify-code-using-terser@workspace:.":
  version: 0.0.0-use.local
  resolution: "minify-code-using-terser@workspace:."
  languageName: unknown
  linkType: soft
