# This file is generated by running "yarn install" inside your project.
# Manual changes might be lost - proceed with caution!

__metadata:
  version: 6

"add@workspace:packages/add":
  version: 0.0.0-use.local
  resolution: "add@workspace:packages/add"
  languageName: unknown
  linkType: soft

"calculator-demo@workspace:.":
  version: 0.0.0-use.local
  resolution: "calculator-demo@workspace:."
  languageName: unknown
  linkType: soft

"calculator@workspace:packages/calculator":
  version: 0.0.0-use.local
  resolution: "calculator@workspace:packages/calculator"
  languageName: unknown
  linkType: soft

"divide@workspace:packages/divide":
  version: 0.0.0-use.local
  resolution: "divide@workspace:packages/divide"
  languageName: unknown
  linkType: soft

"multiply@workspace:packages/multiply":
  version: 0.0.0-use.local
  resolution: "multiply@workspace:packages/multiply"
  languageName: unknown
  linkType: soft

"subtract@workspace:packages/subtract":
  version: 0.0.0-use.local
  resolution: "subtract@workspace:packages/subtract"
  languageName: unknown
  linkType: soft
